// !$*UTF8*$!
{
	archiveVersion = 1;
	classes = {
	};
	objectVersion = 46;
	objects = {

/* Begin PBXBuildFile section */
		0A49D46A1BE7401800868CE6 /* main.m in Sources */ = {isa = PBXBuildFile; fileRef = 0A49D4691BE7401800868CE6 /* main.m */; };
		0A49D46D1BE7401800868CE6 /* AppDelegate.m in Sources */ = {isa = PBXBuildFile; fileRef = 0A49D46C1BE7401800868CE6 /* AppDelegate.m */; };
		0A49D4701BE7401800868CE6 /* ViewController.m in Sources */ = {isa = PBXBuildFile; fileRef = 0A49D46F1BE7401800868CE6 /* ViewController.m */; };
		0A49D4731BE7401800868CE6 /* Main.storyboard in Resources */ = {isa = PBXBuildFile; fileRef = 0A49D4711BE7401800868CE6 /* Main.storyboard */; };
		0A49D4751BE7401800868CE6 /* Images.xcassets in Resources */ = {isa = PBXBuildFile; fileRef = 0A49D4741BE7401800868CE6 /* Images.xcassets */; };
		0A49D4781BE7401800868CE6 /* LaunchScreen.xib in Resources */ = {isa = PBXBuildFile; fileRef = 0A49D4761BE7401800868CE6 /* LaunchScreen.xib */; };
		0A49D4841BE7401800868CE6 /* CustomImageViewTests.m in Sources */ = {isa = PBXBuildFile; fileRef = 0A49D4831BE7401800868CE6 /* CustomImageViewTests.m */; };
		0A49D48F1BE7403000868CE6 /* CustomImageView.m in Sources */ = {isa = PBXBuildFile; fileRef = 0A49D48E1BE7403000868CE6 /* CustomImageView.m */; };
		0A49D4911BE7405A00868CE6 /* EO8A6729.JPG in Resources */ = {isa = PBXBuildFile; fileRef = 0A49D4901BE7405A00868CE6 /* EO8A6729.JPG */; };
/* End PBXBuildFile section */

/* Begin PBXContainerItemProxy section */
		0A49D47E1BE7401800868CE6 /* PBXContainerItemProxy */ = {
			isa = PBXContainerItemProxy;
			containerPortal = 0A49D45C1BE7401800868CE6 /* Project object */;
			proxyType = 1;
			remoteGlobalIDString = 0A49D4631BE7401800868CE6;
			remoteInfo = CustomImageView;
		};
/* End PBXContainerItemProxy section */

/* Begin PBXFileReference section */
		0A49D4641BE7401800868CE6 /* CustomImageView.app */ = {isa = PBXFileReference; explicitFileType = wrapper.application; includeInIndex = 0; path = CustomImageView.app; sourceTree = BUILT_PRODUCTS_DIR; };
		0A49D4681BE7401800868CE6 /* Info.plist */ = {isa = PBXFileReference; lastKnownFileType = text.plist.xml; path = Info.plist; sourceTree = "<group>"; };
		0A49D4691BE7401800868CE6 /* main.m */ = {isa = PBXFileReference; lastKnownFileType = sourcecode.c.objc; path = main.m; sourceTree = "<group>"; };
		0A49D46B1BE7401800868CE6 /* AppDelegate.h */ = {isa = PBXFileReference; lastKnownFileType = sourcecode.c.h; path = AppDelegate.h; sourceTree = "<group>"; };
		0A49D46C1BE7401800868CE6 /* AppDelegate.m */ = {isa = PBXFileReference; lastKnownFileType = sourcecode.c.objc; path = AppDelegate.m; sourceTree = "<group>"; };
		0A49D46E1BE7401800868CE6 /* ViewController.h */ = {isa = PBXFileReference; lastKnownFileType = sourcecode.c.h; path = ViewController.h; sourceTree = "<group>"; };
		0A49D46F1BE7401800868CE6 /* ViewController.m */ = {isa = PBXFileReference; lastKnownFileType = sourcecode.c.objc; path = ViewController.m; sourceTree = "<group>"; };
		0A49D4721BE7401800868CE6 /* Base */ = {isa = PBXFileReference; lastKnownFileType = file.storyboard; name = Base; path = Base.lproj/Main.storyboard; sourceTree = "<group>"; };
		0A49D4741BE7401800868CE6 /* Images.xcassets */ = {isa = PBXFileReference; lastKnownFileType = folder.assetcatalog; path = Images.xcassets; sourceTree = "<group>"; };
		0A49D4771BE7401800868CE6 /* Base */ = {isa = PBXFileReference; lastKnownFileType = file.xib; name = Base; path = Base.lproj/LaunchScreen.xib; sourceTree = "<group>"; };
		0A49D47D1BE7401800868CE6 /* CustomImageViewTests.xctest */ = {isa = PBXFileReference; explicitFileType = wrapper.cfbundle; includeInIndex = 0; path = CustomImageViewTests.xctest; sourceTree = BUILT_PRODUCTS_DIR; };
		0A49D4821BE7401800868CE6 /* Info.plist */ = {isa = PBXFileReference; lastKnownFileType = text.plist.xml; path = Info.plist; sourceTree = "<group>"; };
		0A49D4831BE7401800868CE6 /* CustomImageViewTests.m */ = {isa = PBXFileReference; lastKnownFileType = sourcecode.c.objc; path = CustomImageViewTests.m; sourceTree = "<group>"; };
		0A49D48D1BE7403000868CE6 /* CustomImageView.h */ = {isa = PBXFileReference; fileEncoding = 4; lastKnownFileType = sourcecode.c.h; path = CustomImageView.h; sourceTree = "<group>"; };
		0A49D48E1BE7403000868CE6 /* CustomImageView.m */ = {isa = PBXFileReference; fileEncoding = 4; lastKnownFileType = sourcecode.c.objc; path = CustomImageView.m; sourceTree = "<group>"; };
		0A49D4901BE7405A00868CE6 /* EO8A6729.JPG */ = {isa = PBXFileReference; lastKnownFileType = image.jpeg; path = EO8A6729.JPG; sourceTree = "<group>"; };
/* End PBXFileReference section */

/* Begin PBXFrameworksBuildPhase section */
		0A49D4611BE7401800868CE6 /* Frameworks */ = {
			isa = PBXFrameworksBuildPhase;
			buildActionMask = 2147483647;
			files = (
			);
			runOnlyForDeploymentPostprocessing = 0;
		};
		0A49D47A1BE7401800868CE6 /* Frameworks */ = {
			isa = PBXFrameworksBuildPhase;
			buildActionMask = 2147483647;
			files = (
			);
			runOnlyForDeploymentPostprocessing = 0;
		};
/* End PBXFrameworksBuildPhase section */

/* Begin PBXGroup section */
		0A49D45B1BE7401800868CE6 = {
			isa = PBXGroup;
			children = (
				0A49D4901BE7405A00868CE6 /* EO8A6729.JPG */,
				0A49D4661BE7401800868CE6 /* CustomImageView */,
				0A49D4801BE7401800868CE6 /* CustomImageViewTests */,
				0A49D4651BE7401800868CE6 /* Products */,
			);
			sourceTree = "<group>";
		};
		0A49D4651BE7401800868CE6 /* Products */ = {
			isa = PBXGroup;
			children = (
				0A49D4641BE7401800868CE6 /* CustomImageView.app */,
				0A49D47D1BE7401800868CE6 /* CustomImageViewTests.xctest */,
			);
			name = Products;
			sourceTree = "<group>";
		};
		0A49D4661BE7401800868CE6 /* CustomImageView */ = {
			isa = PBXGroup;
			children = (
				0A49D46B1BE7401800868CE6 /* AppDelegate.h */,
				0A49D46C1BE7401800868CE6 /* AppDelegate.m */,
				0A49D46E1BE7401800868CE6 /* ViewController.h */,
				0A49D46F1BE7401800868CE6 /* ViewController.m */,
				0A49D4711BE7401800868CE6 /* Main.storyboard */,
				0A49D4741BE7401800868CE6 /* Images.xcassets */,
				0A49D4761BE7401800868CE6 /* LaunchScreen.xib */,
				0A49D4671BE7401800868CE6 /* Supporting Files */,
				0A49D48D1BE7403000868CE6 /* CustomImageView.h */,
				0A49D48E1BE7403000868CE6 /* CustomImageView.m */,
			);
			path = CustomImageView;
			sourceTree = "<group>";
		};
		0A49D4671BE7401800868CE6 /* Supporting Files */ = {
			isa = PBXGroup;
			children = (
				0A49D4681BE7401800868CE6 /* Info.plist */,
				0A49D4691BE7401800868CE6 /* main.m */,
			);
			name = "Supporting Files";
			sourceTree = "<group>";
		};
		0A49D4801BE7401800868CE6 /* CustomImageViewTests */ = {
			isa = PBXGroup;
			children = (
				0A49D4831BE7401800868CE6 /* CustomImageViewTests.m */,
				0A49D4811BE7401800868CE6 /* Supporting Files */,
			);
			path = CustomImageViewTests;
			sourceTree = "<group>";
		};
		0A49D4811BE7401800868CE6 /* Supporting Files */ = {
			isa = PBXGroup;
			children = (
				0A49D4821BE7401800868CE6 /* Info.plist */,
			);
			name = "Supporting Files";
			sourceTree = "<group>";
		};
/* End PBXGroup section */

/* Begin PBXNativeTarget section */
		0A49D4631BE7401800868CE6 /* CustomImageView */ = {
			isa = PBXNativeTarget;
			buildConfigurationList = 0A49D4871BE7401800868CE6 /* Build configuration list for PBXNativeTarget "CustomImageView" */;
			buildPhases = (
				0A49D4601BE7401800868CE6 /* Sources */,
				0A49D4611BE7401800868CE6 /* Frameworks */,
				0A49D4621BE7401800868CE6 /* Resources */,
			);
			buildRules = (
			);
			dependencies = (
			);
			name = CustomImageView;
			productName = CustomImageView;
			productReference = 0A49D4641BE7401800868CE6 /* CustomImageView.app */;
			productType = "com.apple.product-type.application";
		};
		0A49D47C1BE7401800868CE6 /* CustomImageViewTests */ = {
			isa = PBXNativeTarget;
			buildConfigurationList = 0A49D48A1BE7401800868CE6 /* Build configuration list for PBXNativeTarget "CustomImageViewTests" */;
			buildPhases = (
				0A49D4791BE7401800868CE6 /* Sources */,
				0A49D47A1BE7401800868CE6 /* Frameworks */,
				0A49D47B1BE7401800868CE6 /* Resources */,
			);
			buildRules = (
			);
			dependencies = (
				0A49D47F1BE7401800868CE6 /* PBXTargetDependency */,
			);
			name = CustomImageViewTests;
			productName = CustomImageViewTests;
			productReference = 0A49D47D1BE7401800868CE6 /* CustomImageViewTests.xctest */;
			productType = "com.apple.product-type.bundle.unit-test";
		};
/* End PBXNativeTarget section */

/* Begin PBXProject section */
		0A49D45C1BE7401800868CE6 /* Project object */ = {
			isa = PBXProject;
			attributes = {
				LastUpgradeCheck = 0640;
				ORGANIZATIONNAME = MR.LI;
				TargetAttributes = {
					0A49D4631BE7401800868CE6 = {
						CreatedOnToolsVersion = 6.4;
					};
					0A49D47C1BE7401800868CE6 = {
						CreatedOnToolsVersion = 6.4;
						TestTargetID = 0A49D4631BE7401800868CE6;
					};
				};
			};
			buildConfigurationList = 0A49D45F1BE7401800868CE6 /* Build configuration list for PBXProject "CustomImageView" */;
			compatibilityVersion = "Xcode 3.2";
			developmentRegion = English;
			hasScannedForEncodings = 0;
			knownRegions = (
				en,
				Base,
			);
			mainGroup = 0A49D45B1BE7401800868CE6;
			productRefGroup = 0A49D4651BE7401800868CE6 /* Products */;
			projectDirPath = "";
			projectRoot = "";
			targets = (
				0A49D4631BE7401800868CE6 /* CustomImageView */,
				0A49D47C1BE7401800868CE6 /* CustomImageViewTests */,
			);
		};
/* End PBXProject section */

/* Begin PBXResourcesBuildPhase section */
		0A49D4621BE7401800868CE6 /* Resources */ = {
			isa = PBXResourcesBuildPhase;
			buildActionMask = 2147483647;
			files = (
				0A49D4911BE7405A00868CE6 /* EO8A6729.JPG in Resources */,
				0A49D4731BE7401800868CE6 /* Main.storyboard in Resources */,
				0A49D4781BE7401800868CE6 /* LaunchScreen.xib in Resources */,
				0A49D4751BE7401800868CE6 /* Images.xcassets in Resources */,
			);
			runOnlyForDeploymentPostprocessing = 0;
		};
		0A49D47B1BE7401800868CE6 /* Resources */ = {
			isa = PBXResourcesBuildPhase;
			buildActionMask = 2147483647;
			files = (
			);
			runOnlyForDeploymentPostprocessing = 0;
		};
/* End PBXResourcesBuildPhase section */

/* Begin PBXSourcesBuildPhase section */
		0A49D4601BE7401800868CE6 /* Sources */ = {
			isa = PBXSourcesBuildPhase;
			buildActionMask = 2147483647;
			files = (
				0A49D4701BE7401800868CE6 /* ViewController.m in Sources */,
				0A49D48F1BE7403000868CE6 /* CustomImageView.m in Sources */,
				0A49D46D1BE7401800868CE6 /* AppDelegate.m in Sources */,
				0A49D46A1BE7401800868CE6 /* main.m in Sources */,
			);
			runOnlyForDeploymentPostprocessing = 0;
		};
		0A49D4791BE7401800868CE6 /* Sources */ = {
			isa = PBXSourcesBuildPhase;
			buildActionMask = 2147483647;
			files = (
				0A49D4841BE7401800868CE6 /* CustomImageViewTests.m in Sources */,
			);
			runOnlyForDeploymentPostprocessing = 0;
		};
/* End PBXSourcesBuildPhase section */

/* Begin PBXTargetDependency section */
		0A49D47F1BE7401800868CE6 /* PBXTargetDependency */ = {
			isa = PBXTargetDependency;
			target = 0A49D4631BE7401800868CE6 /* CustomImageView */;
			targetProxy = 0A49D47E1BE7401800868CE6 /* PBXContainerItemProxy */;
		};
/* End PBXTargetDependency section */

/* Begin PBXVariantGroup section */
		0A49D4711BE7401800868CE6 /* Main.storyboard */ = {
			isa = PBXVariantGroup;
			children = (
				0A49D4721BE7401800868CE6 /* Base */,
			);
			name = Main.storyboard;
			sourceTree = "<group>";
		};
		0A49D4761BE7401800868CE6 /* LaunchScreen.xib */ = {
			isa = PBXVariantGroup;
			children = (
				0A49D4771BE7401800868CE6 /* Base */,
			);
			name = LaunchScreen.xib;
			sourceTree = "<group>";
		};
/* End PBXVariantGroup section */

/* Begin XCBuildConfiguration section */
		0A49D4851BE7401800868CE6 /* Debug */ = {
			isa = XCBuildConfiguration;
			buildSettings = {
				ALWAYS_SEARCH_USER_PATHS = NO;
				CLANG_CXX_LANGUAGE_STANDARD = "gnu++0x";
				CLANG_CXX_LIBRARY = "libc++";
				CLANG_ENABLE_MODULES = YES;
				CLANG_ENABLE_OBJC_ARC = YES;
				CLANG_WARN_BOOL_CONVERSION = YES;
				CLANG_WARN_CONSTANT_CONVERSION = YES;
				CLANG_WARN_DIRECT_OBJC_ISA_USAGE = YES_ERROR;
				CLANG_WARN_EMPTY_BODY = YES;
				CLANG_WARN_ENUM_CONVERSION = YES;
				CLANG_WARN_INT_CONVERSION = YES;
				CLANG_WARN_OBJC_ROOT_CLASS = YES_ERROR;
				CLANG_WARN_UNREACHABLE_CODE = YES;
				CLANG_WARN__DUPLICATE_METHOD_MATCH = YES;
				"CODE_SIGN_IDENTITY[sdk=iphoneos*]" = "iPhone Developer";
				COPY_PHASE_STRIP = NO;
				DEBUG_INFORMATION_FORMAT = "dwarf-with-dsym";
				ENABLE_STRICT_OBJC_MSGSEND = YES;
				GCC_C_LANGUAGE_STANDARD = gnu99;
				GCC_DYNAMIC_NO_PIC = NO;
				GCC_NO_COMMON_BLOCKS = YES;
				GCC_OPTIMIZATION_LEVEL = 0;
				GCC_PREPROCESSOR_DEFINITIONS = (
					"DEBUG=1",
					"$(inherited)",
				);
				GCC_SYMBOLS_PRIVATE_EXTERN = NO;
				GCC_WARN_64_TO_32_BIT_CONVERSION = YES;
				GCC_WARN_ABOUT_RETURN_TYPE = YES_ERROR;
				GCC_WARN_UNDECLARED_SELECTOR = YES;
				GCC_WARN_UNINITIALIZED_AUTOS = YES_AGGRESSIVE;
				GCC_WARN_UNUSED_FUNCTION = YES;
				GCC_WARN_UNUSED_VARIABLE = YES;
				IPHONEOS_DEPLOYMENT_TARGET = 8.4;
				MTL_ENABLE_DEBUG_INFO = YES;
				ONLY_ACTIVE_ARCH = YES;
				SDKROOT = iphoneos;
			};
			name = Debug;
		};
		0A49D4861BE7401800868CE6 /* Release */ = {
			isa = XCBuildConfiguration;
			buildSettings = {
				ALWAYS_SEARCH_USER_PATHS = NO;
				CLANG_CXX_LANGUAGE_STANDARD = "gnu++0x";
				CLANG_CXX_LIBRARY = "libc++";
				CLANG_ENABLE_MODULES = YES;
				CLANG_ENABLE_OBJC_ARC = YES;
				CLANG_WARN_BOOL_CONVERSION = YES;
				CLANG_WARN_CONSTANT_CONVERSION = YES;
				CLANG_WARN_DIRECT_OBJC_ISA_USAGE = YES_ERROR;
				CLANG_WARN_EMPTY_BODY = YES;
				CLANG_WARN_ENUM_CONVERSION = YES;
				CLANG_WARN_INT_CONVERSION = YES;
				CLANG_WARN_OBJC_ROOT_CLASS = YES_ERROR;
				CLANG_WARN_UNREACHABLE_CODE = YES;
				CLANG_WARN__DUPLICATE_METHOD_MATCH = YES;
				"CODE_SIGN_IDENTITY[sdk=iphoneos*]" = "iPhone Developer";
				COPY_PHASE_STRIP = NO;
				DEBUG_INFORMATION_FORMAT = "dwarf-with-dsym";
				ENABLE_NS_ASSERTIONS = NO;
				ENABLE_STRICT_OBJC_MSGSEND = YES;
				GCC_C_LANGUAGE_STANDARD = gnu99;
				GCC_NO_COMMON_BLOCKS = YES;
				GCC_WARN_64_TO_32_BIT_CONVERSION = YES;
				GCC_WARN_ABOUT_RETURN_TYPE = YES_ERROR;
				GCC_WARN_UNDECLARED_SELECTOR = YES;
				GCC_WARN_UNINITIALIZED_AUTOS = YES_AGGRESSIVE;
				GCC_WARN_UNUSED_FUNCTION = YES;
				GCC_WARN_UNUSED_VARIABLE = YES;
				IPHONEOS_DEPLOYMENT_TARGET = 8.4;
				MTL_ENABLE_DEBUG_INFO = NO;
				SDKROOT = iphoneos;
				VALIDATE_PRODUCT = YES;
			};
			name = Release;
		};
		0A49D4881BE7401800868CE6 /* Debug */ = {
			isa = XCBuildConfiguration;
			buildSettings = {
				ASSETCATALOG_COMPILER_APPICON_NAME = AppIcon;
				INFOPLIST_FILE = CustomImageView/Info.plist;
				LD_RUNPATH_SEARCH_PATHS = "$(inherited) @executable_path/Frameworks";
				PRODUCT_NAME = "$(TARGET_NAME)";
			};
			name = Debug;
		};
		0A49D4891BE7401800868CE6 /* Release */ = {
			isa = XCBuildConfiguration;
			buildSettings = {
				ASSETCATALOG_COMPILER_APPICON_NAME = AppIcon;
				INFOPLIST_FILE = CustomImageView/Info.plist;
				LD_RUNPATH_SEARCH_PATHS = "$(inherited) @executable_path/Frameworks";
				PRODUCT_NAME = "$(TARGET_NAME)";
			};
			name = Release;
		};
		0A49D48B1BE7401800868CE6 /* Debug */ = {
			isa = XCBuildConfiguration;
			buildSettings = {
				BUNDLE_LOADER = "$(TEST_HOST)";
				FRAMEWORK_SEARCH_PATHS = (
					"$(SDKROOT)/Developer/Library/Frameworks",
					"$(inherited)",
				);
				GCC_PREPROCESSOR_DEFINITIONS = (
					"DEBUG=1",
					"$(inherited)",
				);
				INFOPLIST_FILE = CustomImageViewTests/Info.plist;
				LD_RUNPATH_SEARCH_PATHS = "$(inherited) @executable_path/Frameworks @loader_path/Frameworks";
				PRODUCT_NAME = "$(TARGET_NAME)";
				TEST_HOST = "$(BUILT_PRODUCTS_DIR)/CustomImageView.app/CustomImageView";
			};
			name = Debug;
		};
		0A49D48C1BE7401800868CE6 /* Release */ = {
			isa = XCBuildConfiguration;
			buildSettings = {
				BUNDLE_LOADER = "$(TEST_HOST)";
				FRAMEWORK_SEARCH_PATHS = (
					"$(SDKROOT)/Developer/Library/Frameworks",
					"$(inherited)",
				);
				INFOPLIST_FILE = CustomImageViewTests/Info.plist;
				LD_RUNPATH_SEARCH_PATHS = "$(inherited) @executable_path/Frameworks @loader_path/Frameworks";
				PRODUCT_NAME = "$(TARGET_NAME)";
				TEST_HOST = "$(BUILT_PRODUCTS_DIR)/CustomImageView.app/CustomImageView";
			};
			name = Release;
		};
/* End XCBuildConfiguration section */

/* Begin XCConfigurationList section */
		0A49D45F1BE7401800868CE6 /* Build configuration list for PBXProject "CustomImageView" */ = {
			isa = XCConfigurationList;
			buildConfigurations = (
				0A49D4851BE7401800868CE6 /* Debug */,
				0A49D4861BE7401800868CE6 /* Release */,
			);
			defaultConfigurationIsVisible = 0;
			defaultConfigurationName = Release;
		};
		0A49D4871BE7401800868CE6 /* Build configuration list for PBXNativeTarget "CustomImageView" */ = {
			isa = XCConfigurationList;
			buildConfigurations = (
				0A49D4881BE7401800868CE6 /* Debug */,
				0A49D4891BE7401800868CE6 /* Release */,
			);
			defaultConfigurationIsVisible = 0;
		};
		0A49D48A1BE7401800868CE6 /* Build configuration list for PBXNativeTarget "CustomImageViewTests" */ = {
			isa = XCConfigurationList;
			buildConfigurations = (
				0A49D48B1BE7401800868CE6 /* Debug */,
				0A49D48C1BE7401800868CE6 /* Release */,
			);
			defaultConfigurationIsVisible = 0;
		};
/* End XCConfigurationList section */
	};
	rootObject = 0A49D45C1BE7401800868CE6 /* Project object */;
}
